// !$*UTF8*$!
{
	archiveVersion = 1;
	classes = {
	};
	objectVersion = 50;
	objects = {

/* Begin PBXBuildFile section */
		932FD5352638AB850003A862 /* ErunApp.swift in Sources */ = {isa = PBXBuildFile; fileRef = 932FD5342638AB850003A862 /* ErunApp.swift */; };
		932FD5372638AB850003A862 /* ContentView.swift in Sources */ = {isa = PBXBuildFile; fileRef = 932FD5362638AB850003A862 /* ContentView.swift */; };
		932FD5392638AB860003A862 /* Assets.xcassets in Resources */ = {isa = PBXBuildFile; fileRef = 932FD5382638AB860003A862 /* Assets.xcassets */; };
		932FD53C2638AB860003A862 /* Preview Assets.xcassets in Resources */ = {isa = PBXBuildFile; fileRef = 932FD53B2638AB860003A862 /* Preview Assets.xcassets */; };
		932FD5472638AB860003A862 /* ErunTests.swift in Sources */ = {isa = PBXBuildFile; fileRef = 932FD5462638AB860003A862 /* ErunTests.swift */; };
		932FD5522638AB860003A862 /* ErunUITests.swift in Sources */ = {isa = PBXBuildFile; fileRef = 932FD5512638AB860003A862 /* ErunUITests.swift */; };
		932FD56B2638AE040003A862 /* GoogleService-Info.plist in Resources */ = {isa = PBXBuildFile; fileRef = 932FD56A2638AE040003A862 /* GoogleService-Info.plist */; };
		9DE8DF7FE6CC3ACA05FFF5C1 /* Pods_Erun_ErunUITests.framework in Frameworks */ = {isa = PBXBuildFile; fileRef = 7215D93E1531779C6CCDE1F7 /* Pods_Erun_ErunUITests.framework */; };
		A4E21C2D997CA0BE40E781BE /* Pods_ErunTests.framework in Frameworks */ = {isa = PBXBuildFile; fileRef = B390CB652B93D400F095BAC6 /* Pods_ErunTests.framework */; };
		FA5C98EEB8AC8308BAF9A5F5 /* Pods_Erun.framework in Frameworks */ = {isa = PBXBuildFile; fileRef = 7097C2814454F607FCEE0336 /* Pods_Erun.framework */; };
/* End PBXBuildFile section */

/* Begin PBXContainerItemProxy section */
		932FD5432638AB860003A862 /* PBXContainerItemProxy */ = {
			isa = PBXContainerItemProxy;
			containerPortal = 932FD5292638AB850003A862 /* Project object */;
			proxyType = 1;
			remoteGlobalIDString = 932FD5302638AB850003A862;
			remoteInfo = Erun;
		};
		932FD54E2638AB860003A862 /* PBXContainerItemProxy */ = {
			isa = PBXContainerItemProxy;
			containerPortal = 932FD5292638AB850003A862 /* Project object */;
			proxyType = 1;
			remoteGlobalIDString = 932FD5302638AB850003A862;
			remoteInfo = Erun;
		};
/* End PBXContainerItemProxy section */

/* Begin PBXFileReference section */
		34389F47C7C735A775E927A8 /* Pods-Erun.release.xcconfig */ = {isa = PBXFileReference; includeInIndex = 1; lastKnownFileType = text.xcconfig; name = "Pods-Erun.release.xcconfig"; path = "Target Support Files/Pods-Erun/Pods-Erun.release.xcconfig"; sourceTree = "<group>"; };
		550D0720B9216A3B60023290 /* Pods-ErunTests.release.xcconfig */ = {isa = PBXFileReference; includeInIndex = 1; lastKnownFileType = text.xcconfig; name = "Pods-ErunTests.release.xcconfig"; path = "Target Support Files/Pods-ErunTests/Pods-ErunTests.release.xcconfig"; sourceTree = "<group>"; };
		5FF0044994DBF5A18942F59F /* Pods-Erun.debug.xcconfig */ = {isa = PBXFileReference; includeInIndex = 1; lastKnownFileType = text.xcconfig; name = "Pods-Erun.debug.xcconfig"; path = "Target Support Files/Pods-Erun/Pods-Erun.debug.xcconfig"; sourceTree = "<group>"; };
		7097C2814454F607FCEE0336 /* Pods_Erun.framework */ = {isa = PBXFileReference; explicitFileType = wrapper.framework; includeInIndex = 0; path = Pods_Erun.framework; sourceTree = BUILT_PRODUCTS_DIR; };
		7215D93E1531779C6CCDE1F7 /* Pods_Erun_ErunUITests.framework */ = {isa = PBXFileReference; explicitFileType = wrapper.framework; includeInIndex = 0; path = Pods_Erun_ErunUITests.framework; sourceTree = BUILT_PRODUCTS_DIR; };
		7573D4CBBC47CCD2A7AD910E /* Pods-Erun-ErunUITests.debug.xcconfig */ = {isa = PBXFileReference; includeInIndex = 1; lastKnownFileType = text.xcconfig; name = "Pods-Erun-ErunUITests.debug.xcconfig"; path = "Target Support Files/Pods-Erun-ErunUITests/Pods-Erun-ErunUITests.debug.xcconfig"; sourceTree = "<group>"; };
		7F1EC8078ECA575438D7DF97 /* Pods-Erun-ErunUITests.release.xcconfig */ = {isa = PBXFileReference; includeInIndex = 1; lastKnownFileType = text.xcconfig; name = "Pods-Erun-ErunUITests.release.xcconfig"; path = "Target Support Files/Pods-Erun-ErunUITests/Pods-Erun-ErunUITests.release.xcconfig"; sourceTree = "<group>"; };
		932FD5312638AB850003A862 /* Erun.app */ = {isa = PBXFileReference; explicitFileType = wrapper.application; includeInIndex = 0; path = Erun.app; sourceTree = BUILT_PRODUCTS_DIR; };
		932FD5342638AB850003A862 /* ErunApp.swift */ = {isa = PBXFileReference; lastKnownFileType = sourcecode.swift; path = ErunApp.swift; sourceTree = "<group>"; };
		932FD5362638AB850003A862 /* ContentView.swift */ = {isa = PBXFileReference; lastKnownFileType = sourcecode.swift; path = ContentView.swift; sourceTree = "<group>"; };
		932FD5382638AB860003A862 /* Assets.xcassets */ = {isa = PBXFileReference; lastKnownFileType = folder.assetcatalog; path = Assets.xcassets; sourceTree = "<group>"; };
		932FD53B2638AB860003A862 /* Preview Assets.xcassets */ = {isa = PBXFileReference; lastKnownFileType = folder.assetcatalog; path = "Preview Assets.xcassets"; sourceTree = "<group>"; };
		932FD53D2638AB860003A862 /* Info.plist */ = {isa = PBXFileReference; lastKnownFileType = text.plist.xml; path = Info.plist; sourceTree = "<group>"; };
		932FD5422638AB860003A862 /* ErunTests.xctest */ = {isa = PBXFileReference; explicitFileType = wrapper.cfbundle; includeInIndex = 0; path = ErunTests.xctest; sourceTree = BUILT_PRODUCTS_DIR; };
		932FD5462638AB860003A862 /* ErunTests.swift */ = {isa = PBXFileReference; lastKnownFileType = sourcecode.swift; path = ErunTests.swift; sourceTree = "<group>"; };
		932FD5482638AB860003A862 /* Info.plist */ = {isa = PBXFileReference; lastKnownFileType = text.plist.xml; path = Info.plist; sourceTree = "<group>"; };
		932FD54D2638AB860003A862 /* ErunUITests.xctest */ = {isa = PBXFileReference; explicitFileType = wrapper.cfbundle; includeInIndex = 0; path = ErunUITests.xctest; sourceTree = BUILT_PRODUCTS_DIR; };
		932FD5512638AB860003A862 /* ErunUITests.swift */ = {isa = PBXFileReference; lastKnownFileType = sourcecode.swift; path = ErunUITests.swift; sourceTree = "<group>"; };
		932FD5532638AB860003A862 /* Info.plist */ = {isa = PBXFileReference; lastKnownFileType = text.plist.xml; path = Info.plist; sourceTree = "<group>"; };
		932FD56A2638AE040003A862 /* GoogleService-Info.plist */ = {isa = PBXFileReference; fileEncoding = 4; lastKnownFileType = text.plist.xml; path = "GoogleService-Info.plist"; sourceTree = "<group>"; };
		B390CB652B93D400F095BAC6 /* Pods_ErunTests.framework */ = {isa = PBXFileReference; explicitFileType = wrapper.framework; includeInIndex = 0; path = Pods_ErunTests.framework; sourceTree = BUILT_PRODUCTS_DIR; };
		EAE0703989CA0665097F68D1 /* Pods-ErunTests.debug.xcconfig */ = {isa = PBXFileReference; includeInIndex = 1; lastKnownFileType = text.xcconfig; name = "Pods-ErunTests.debug.xcconfig"; path = "Target Support Files/Pods-ErunTests/Pods-ErunTests.debug.xcconfig"; sourceTree = "<group>"; };
/* End PBXFileReference section */

/* Begin PBXFrameworksBuildPhase section */
		932FD52E2638AB850003A862 /* Frameworks */ = {
			isa = PBXFrameworksBuildPhase;
			buildActionMask = 2147483647;
			files = (
				FA5C98EEB8AC8308BAF9A5F5 /* Pods_Erun.framework in Frameworks */,
			);
			runOnlyForDeploymentPostprocessing = 0;
		};
		932FD53F2638AB860003A862 /* Frameworks */ = {
			isa = PBXFrameworksBuildPhase;
			buildActionMask = 2147483647;
			files = (
				A4E21C2D997CA0BE40E781BE /* Pods_ErunTests.framework in Frameworks */,
			);
			runOnlyForDeploymentPostprocessing = 0;
		};
		932FD54A2638AB860003A862 /* Frameworks */ = {
			isa = PBXFrameworksBuildPhase;
			buildActionMask = 2147483647;
			files = (
				9DE8DF7FE6CC3ACA05FFF5C1 /* Pods_Erun_ErunUITests.framework in Frameworks */,
			);
			runOnlyForDeploymentPostprocessing = 0;
		};
/* End PBXFrameworksBuildPhase section */

/* Begin PBXGroup section */
		46542CC4C8F310D9AEF0BAB2 /* Frameworks */ = {
			isa = PBXGroup;
			children = (
				7097C2814454F607FCEE0336 /* Pods_Erun.framework */,
				7215D93E1531779C6CCDE1F7 /* Pods_Erun_ErunUITests.framework */,
				B390CB652B93D400F095BAC6 /* Pods_ErunTests.framework */,
			);
			name = Frameworks;
			sourceTree = "<group>";
		};
		932FD5282638AB850003A862 = {
			isa = PBXGroup;
			children = (
				932FD5332638AB850003A862 /* Erun */,
				932FD5452638AB860003A862 /* ErunTests */,
				932FD5502638AB860003A862 /* ErunUITests */,
				932FD5322638AB850003A862 /* Products */,
				B33AA564D0D1FF006305F19B /* Pods */,
				46542CC4C8F310D9AEF0BAB2 /* Frameworks */,
			);
			sourceTree = "<group>";
		};
		932FD5322638AB850003A862 /* Products */ = {
			isa = PBXGroup;
			children = (
				932FD5312638AB850003A862 /* Erun.app */,
				932FD5422638AB860003A862 /* ErunTests.xctest */,
				932FD54D2638AB860003A862 /* ErunUITests.xctest */,
			);
			name = Products;
			sourceTree = "<group>";
		};
		932FD5332638AB850003A862 /* Erun */ = {
			isa = PBXGroup;
			children = (
				932FD55F2638ABBE0003A862 /* Components */,
				932FD5602638ABC90003A862 /* Models */,
				932FD5612638ABD20003A862 /* Repositories */,
				932FD5622638ABD80003A862 /* Services */,
				932FD5632638ABDF0003A862 /* Shared */,
				932FD5642638ABE60003A862 /* Generated */,
				932FD5652638ABEB0003A862 /* Resources */,
				932FD5662638ABF30003A862 /* Metadata */,
			);
			path = Erun;
			sourceTree = "<group>";
		};
		932FD53A2638AB860003A862 /* Preview Content */ = {
			isa = PBXGroup;
			children = (
				932FD53B2638AB860003A862 /* Preview Assets.xcassets */,
			);
			path = "Preview Content";
			sourceTree = "<group>";
		};
		932FD5452638AB860003A862 /* ErunTests */ = {
			isa = PBXGroup;
			children = (
				932FD5462638AB860003A862 /* ErunTests.swift */,
				932FD5482638AB860003A862 /* Info.plist */,
			);
			path = ErunTests;
			sourceTree = "<group>";
		};
		932FD5502638AB860003A862 /* ErunUITests */ = {
			isa = PBXGroup;
			children = (
				932FD5512638AB860003A862 /* ErunUITests.swift */,
				932FD5532638AB860003A862 /* Info.plist */,
			);
			path = ErunUITests;
			sourceTree = "<group>";
		};
		932FD55F2638ABBE0003A862 /* Components */ = {
			isa = PBXGroup;
			children = (
				932FD5342638AB850003A862 /* ErunApp.swift */,
				932FD5362638AB850003A862 /* ContentView.swift */,
			);
			path = Components;
			sourceTree = "<group>";
		};
		932FD5602638ABC90003A862 /* Models */ = {
			isa = PBXGroup;
			children = (
			);
			path = Models;
			sourceTree = "<group>";
		};
		932FD5612638ABD20003A862 /* Repositories */ = {
			isa = PBXGroup;
			children = (
			);
			path = Repositories;
			sourceTree = "<group>";
		};
		932FD5622638ABD80003A862 /* Services */ = {
			isa = PBXGroup;
			children = (
			);
			path = Services;
			sourceTree = "<group>";
		};
		932FD5632638ABDF0003A862 /* Shared */ = {
			isa = PBXGroup;
			children = (
			);
			path = Shared;
			sourceTree = "<group>";
		};
		932FD5642638ABE60003A862 /* Generated */ = {
			isa = PBXGroup;
			children = (
			);
			path = Generated;
			sourceTree = "<group>";
		};
		932FD5652638ABEB0003A862 /* Resources */ = {
			isa = PBXGroup;
			children = (
				932FD5382638AB860003A862 /* Assets.xcassets */,
				932FD53A2638AB860003A862 /* Preview Content */,
			);
			path = Resources;
			sourceTree = "<group>";
		};
		932FD5662638ABF30003A862 /* Metadata */ = {
			isa = PBXGroup;
			children = (
				932FD56A2638AE040003A862 /* GoogleService-Info.plist */,
				932FD53D2638AB860003A862 /* Info.plist */,
			);
			path = Metadata;
			sourceTree = "<group>";
		};
		B33AA564D0D1FF006305F19B /* Pods */ = {
			isa = PBXGroup;
			children = (
				5FF0044994DBF5A18942F59F /* Pods-Erun.debug.xcconfig */,
				34389F47C7C735A775E927A8 /* Pods-Erun.release.xcconfig */,
				7573D4CBBC47CCD2A7AD910E /* Pods-Erun-ErunUITests.debug.xcconfig */,
				7F1EC8078ECA575438D7DF97 /* Pods-Erun-ErunUITests.release.xcconfig */,
				EAE0703989CA0665097F68D1 /* Pods-ErunTests.debug.xcconfig */,
				550D0720B9216A3B60023290 /* Pods-ErunTests.release.xcconfig */,
			);
			name = Pods;
			path = Pods;
			sourceTree = "<group>";
		};
/* End PBXGroup section */

/* Begin PBXNativeTarget section */
		932FD5302638AB850003A862 /* Erun */ = {
			isa = PBXNativeTarget;
			buildConfigurationList = 932FD5562638AB860003A862 /* Build configuration list for PBXNativeTarget "Erun" */;
			buildPhases = (
				C23BA355E0046A114CFEAD45 /* [CP] Check Pods Manifest.lock */,
				932FD52D2638AB850003A862 /* Sources */,
				932FD52E2638AB850003A862 /* Frameworks */,
				932FD52F2638AB850003A862 /* Resources */,
				718DE59D161BF8CA43F8E83C /* [CP] Embed Pods Frameworks */,
			);
			buildRules = (
			);
			dependencies = (
			);
			name = Erun;
			productName = Erun;
			productReference = 932FD5312638AB850003A862 /* Erun.app */;
			productType = "com.apple.product-type.application";
		};
		932FD5412638AB860003A862 /* ErunTests */ = {
			isa = PBXNativeTarget;
			buildConfigurationList = 932FD5592638AB860003A862 /* Build configuration list for PBXNativeTarget "ErunTests" */;
			buildPhases = (
				3067C64D1E1894E3746C9A5F /* [CP] Check Pods Manifest.lock */,
				932FD53E2638AB860003A862 /* Sources */,
				932FD53F2638AB860003A862 /* Frameworks */,
				932FD5402638AB860003A862 /* Resources */,
			);
			buildRules = (
			);
			dependencies = (
				932FD5442638AB860003A862 /* PBXTargetDependency */,
			);
			name = ErunTests;
			productName = ErunTests;
			productReference = 932FD5422638AB860003A862 /* ErunTests.xctest */;
			productType = "com.apple.product-type.bundle.unit-test";
		};
		932FD54C2638AB860003A862 /* ErunUITests */ = {
			isa = PBXNativeTarget;
			buildConfigurationList = 932FD55C2638AB860003A862 /* Build configuration list for PBXNativeTarget "ErunUITests" */;
			buildPhases = (
				E94B4401B85B4D8661182C0E /* [CP] Check Pods Manifest.lock */,
				932FD5492638AB860003A862 /* Sources */,
				932FD54A2638AB860003A862 /* Frameworks */,
				932FD54B2638AB860003A862 /* Resources */,
				F00D0B83B81D3CB94B0A4EE5 /* [CP] Embed Pods Frameworks */,
			);
			buildRules = (
			);
			dependencies = (
				932FD54F2638AB860003A862 /* PBXTargetDependency */,
			);
			name = ErunUITests;
			productName = ErunUITests;
			productReference = 932FD54D2638AB860003A862 /* ErunUITests.xctest */;
			productType = "com.apple.product-type.bundle.ui-testing";
		};
/* End PBXNativeTarget section */

/* Begin PBXProject section */
		932FD5292638AB850003A862 /* Project object */ = {
			isa = PBXProject;
			attributes = {
				LastSwiftUpdateCheck = 1250;
				LastUpgradeCheck = 1250;
				TargetAttributes = {
					932FD5302638AB850003A862 = {
						CreatedOnToolsVersion = 12.5;
					};
					932FD5412638AB860003A862 = {
						CreatedOnToolsVersion = 12.5;
						TestTargetID = 932FD5302638AB850003A862;
					};
					932FD54C2638AB860003A862 = {
						CreatedOnToolsVersion = 12.5;
						TestTargetID = 932FD5302638AB850003A862;
					};
				};
			};
			buildConfigurationList = 932FD52C2638AB850003A862 /* Build configuration list for PBXProject "Erun" */;
			compatibilityVersion = "Xcode 9.3";
			developmentRegion = en;
			hasScannedForEncodings = 0;
			knownRegions = (
				en,
				Base,
			);
			mainGroup = 932FD5282638AB850003A862;
			productRefGroup = 932FD5322638AB850003A862 /* Products */;
			projectDirPath = "";
			projectRoot = "";
			targets = (
				932FD5302638AB850003A862 /* Erun */,
				932FD5412638AB860003A862 /* ErunTests */,
				932FD54C2638AB860003A862 /* ErunUITests */,
			);
		};
/* End PBXProject section */

/* Begin PBXResourcesBuildPhase section */
		932FD52F2638AB850003A862 /* Resources */ = {
			isa = PBXResourcesBuildPhase;
			buildActionMask = 2147483647;
			files = (
				932FD53C2638AB860003A862 /* Preview Assets.xcassets in Resources */,
				932FD5392638AB860003A862 /* Assets.xcassets in Resources */,
				932FD56B2638AE040003A862 /* GoogleService-Info.plist in Resources */,
			);
			runOnlyForDeploymentPostprocessing = 0;
		};
		932FD5402638AB860003A862 /* Resources */ = {
			isa = PBXResourcesBuildPhase;
			buildActionMask = 2147483647;
			files = (
			);
			runOnlyForDeploymentPostprocessing = 0;
		};
		932FD54B2638AB860003A862 /* Resources */ = {
			isa = PBXResourcesBuildPhase;
			buildActionMask = 2147483647;
			files = (
			);
			runOnlyForDeploymentPostprocessing = 0;
		};
/* End PBXResourcesBuildPhase section */

/* Begin PBXShellScriptBuildPhase section */
		3067C64D1E1894E3746C9A5F /* [CP] Check Pods Manifest.lock */ = {
			isa = PBXShellScriptBuildPhase;
			buildActionMask = 2147483647;
			files = (
			);
			inputFileListPaths = (
			);
			inputPaths = (
				"${PODS_PODFILE_DIR_PATH}/Podfile.lock",
				"${PODS_ROOT}/Manifest.lock",
			);
			name = "[CP] Check Pods Manifest.lock";
			outputFileListPaths = (
			);
			outputPaths = (
				"$(DERIVED_FILE_DIR)/Pods-ErunTests-checkManifestLockResult.txt",
			);
			runOnlyForDeploymentPostprocessing = 0;
			shellPath = /bin/sh;
			shellScript = "diff \"${PODS_PODFILE_DIR_PATH}/Podfile.lock\" \"${PODS_ROOT}/Manifest.lock\" > /dev/null\nif [ $? != 0 ] ; then\n    # print error to STDERR\n    echo \"error: The sandbox is not in sync with the Podfile.lock. Run 'pod install' or update your CocoaPods installation.\" >&2\n    exit 1\nfi\n# This output is used by Xcode 'outputs' to avoid re-running this script phase.\necho \"SUCCESS\" > \"${SCRIPT_OUTPUT_FILE_0}\"\n";
			showEnvVarsInLog = 0;
		};
		718DE59D161BF8CA43F8E83C /* [CP] Embed Pods Frameworks */ = {
			isa = PBXShellScriptBuildPhase;
			buildActionMask = 2147483647;
			files = (
			);
			inputFileListPaths = (
				"${PODS_ROOT}/Target Support Files/Pods-Erun/Pods-Erun-frameworks-${CONFIGURATION}-input-files.xcfilelist",
			);
			name = "[CP] Embed Pods Frameworks";
			outputFileListPaths = (
				"${PODS_ROOT}/Target Support Files/Pods-Erun/Pods-Erun-frameworks-${CONFIGURATION}-output-files.xcfilelist",
			);
			runOnlyForDeploymentPostprocessing = 0;
			shellPath = /bin/sh;
			shellScript = "\"${PODS_ROOT}/Target Support Files/Pods-Erun/Pods-Erun-frameworks.sh\"\n";
			showEnvVarsInLog = 0;
		};
		C23BA355E0046A114CFEAD45 /* [CP] Check Pods Manifest.lock */ = {
			isa = PBXShellScriptBuildPhase;
			buildActionMask = 2147483647;
			files = (
			);
			inputFileListPaths = (
			);
			inputPaths = (
				"${PODS_PODFILE_DIR_PATH}/Podfile.lock",
				"${PODS_ROOT}/Manifest.lock",
			);
			name = "[CP] Check Pods Manifest.lock";
			outputFileListPaths = (
			);
			outputPaths = (
				"$(DERIVED_FILE_DIR)/Pods-Erun-checkManifestLockResult.txt",
			);
			runOnlyForDeploymentPostprocessing = 0;
			shellPath = /bin/sh;
			shellScript = "diff \"${PODS_PODFILE_DIR_PATH}/Podfile.lock\" \"${PODS_ROOT}/Manifest.lock\" > /dev/null\nif [ $? != 0 ] ; then\n    # print error to STDERR\n    echo \"error: The sandbox is not in sync with the Podfile.lock. Run 'pod install' or update your CocoaPods installation.\" >&2\n    exit 1\nfi\n# This output is used by Xcode 'outputs' to avoid re-running this script phase.\necho \"SUCCESS\" > \"${SCRIPT_OUTPUT_FILE_0}\"\n";
			showEnvVarsInLog = 0;
		};
		E94B4401B85B4D8661182C0E /* [CP] Check Pods Manifest.lock */ = {
			isa = PBXShellScriptBuildPhase;
			buildActionMask = 2147483647;
			files = (
			);
			inputFileListPaths = (
			);
			inputPaths = (
				"${PODS_PODFILE_DIR_PATH}/Podfile.lock",
				"${PODS_ROOT}/Manifest.lock",
			);
			name = "[CP] Check Pods Manifest.lock";
			outputFileListPaths = (
			);
			outputPaths = (
				"$(DERIVED_FILE_DIR)/Pods-Erun-ErunUITests-checkManifestLockResult.txt",
			);
			runOnlyForDeploymentPostprocessing = 0;
			shellPath = /bin/sh;
			shellScript = "diff \"${PODS_PODFILE_DIR_PATH}/Podfile.lock\" \"${PODS_ROOT}/Manifest.lock\" > /dev/null\nif [ $? != 0 ] ; then\n    # print error to STDERR\n    echo \"error: The sandbox is not in sync with the Podfile.lock. Run 'pod install' or update your CocoaPods installation.\" >&2\n    exit 1\nfi\n# This output is used by Xcode 'outputs' to avoid re-running this script phase.\necho \"SUCCESS\" > \"${SCRIPT_OUTPUT_FILE_0}\"\n";
			showEnvVarsInLog = 0;
		};
		F00D0B83B81D3CB94B0A4EE5 /* [CP] Embed Pods Frameworks */ = {
			isa = PBXShellScriptBuildPhase;
			buildActionMask = 2147483647;
			files = (
			);
			inputFileListPaths = (
				"${PODS_ROOT}/Target Support Files/Pods-Erun-ErunUITests/Pods-Erun-ErunUITests-frameworks-${CONFIGURATION}-input-files.xcfilelist",
			);
			name = "[CP] Embed Pods Frameworks";
			outputFileListPaths = (
				"${PODS_ROOT}/Target Support Files/Pods-Erun-ErunUITests/Pods-Erun-ErunUITests-frameworks-${CONFIGURATION}-output-files.xcfilelist",
			);
			runOnlyForDeploymentPostprocessing = 0;
			shellPath = /bin/sh;
			shellScript = "\"${PODS_ROOT}/Target Support Files/Pods-Erun-ErunUITests/Pods-Erun-ErunUITests-frameworks.sh\"\n";
			showEnvVarsInLog = 0;
		};
/* End PBXShellScriptBuildPhase section */

/* Begin PBXSourcesBuildPhase section */
		932FD52D2638AB850003A862 /* Sources */ = {
			isa = PBXSourcesBuildPhase;
			buildActionMask = 2147483647;
			files = (
				932FD5372638AB850003A862 /* ContentView.swift in Sources */,
				932FD5352638AB850003A862 /* ErunApp.swift in Sources */,
			);
			runOnlyForDeploymentPostprocessing = 0;
		};
		932FD53E2638AB860003A862 /* Sources */ = {
			isa = PBXSourcesBuildPhase;
			buildActionMask = 2147483647;
			files = (
				932FD5472638AB860003A862 /* ErunTests.swift in Sources */,
			);
			runOnlyForDeploymentPostprocessing = 0;
		};
		932FD5492638AB860003A862 /* Sources */ = {
			isa = PBXSourcesBuildPhase;
			buildActionMask = 2147483647;
			files = (
				932FD5522638AB860003A862 /* ErunUITests.swift in Sources */,
			);
			runOnlyForDeploymentPostprocessing = 0;
		};
/* End PBXSourcesBuildPhase section */

/* Begin PBXTargetDependency section */
		932FD5442638AB860003A862 /* PBXTargetDependency */ = {
			isa = PBXTargetDependency;
			target = 932FD5302638AB850003A862 /* Erun */;
			targetProxy = 932FD5432638AB860003A862 /* PBXContainerItemProxy */;
		};
		932FD54F2638AB860003A862 /* PBXTargetDependency */ = {
			isa = PBXTargetDependency;
			target = 932FD5302638AB850003A862 /* Erun */;
			targetProxy = 932FD54E2638AB860003A862 /* PBXContainerItemProxy */;
		};
/* End PBXTargetDependency section */

/* Begin XCBuildConfiguration section */
		932FD5542638AB860003A862 /* Debug */ = {
			isa = XCBuildConfiguration;
			buildSettings = {
				ALWAYS_SEARCH_USER_PATHS = NO;
				CLANG_ANALYZER_NONNULL = YES;
				CLANG_ANALYZER_NUMBER_OBJECT_CONVERSION = YES_AGGRESSIVE;
				CLANG_CXX_LANGUAGE_STANDARD = "gnu++14";
				CLANG_CXX_LIBRARY = "libc++";
				CLANG_ENABLE_MODULES = YES;
				CLANG_ENABLE_OBJC_ARC = YES;
				CLANG_ENABLE_OBJC_WEAK = YES;
				CLANG_WARN_BLOCK_CAPTURE_AUTORELEASING = YES;
				CLANG_WARN_BOOL_CONVERSION = YES;
				CLANG_WARN_COMMA = YES;
				CLANG_WARN_CONSTANT_CONVERSION = YES;
				CLANG_WARN_DEPRECATED_OBJC_IMPLEMENTATIONS = YES;
				CLANG_WARN_DIRECT_OBJC_ISA_USAGE = YES_ERROR;
				CLANG_WARN_DOCUMENTATION_COMMENTS = YES;
				CLANG_WARN_EMPTY_BODY = YES;
				CLANG_WARN_ENUM_CONVERSION = YES;
				CLANG_WARN_INFINITE_RECURSION = YES;
				CLANG_WARN_INT_CONVERSION = YES;
				CLANG_WARN_NON_LITERAL_NULL_CONVERSION = YES;
				CLANG_WARN_OBJC_IMPLICIT_RETAIN_SELF = YES;
				CLANG_WARN_OBJC_LITERAL_CONVERSION = YES;
				CLANG_WARN_OBJC_ROOT_CLASS = YES_ERROR;
				CLANG_WARN_QUOTED_INCLUDE_IN_FRAMEWORK_HEADER = YES;
				CLANG_WARN_RANGE_LOOP_ANALYSIS = YES;
				CLANG_WARN_STRICT_PROTOTYPES = YES;
				CLANG_WARN_SUSPICIOUS_MOVE = YES;
				CLANG_WARN_UNGUARDED_AVAILABILITY = YES_AGGRESSIVE;
				CLANG_WARN_UNREACHABLE_CODE = YES;
				CLANG_WARN__DUPLICATE_METHOD_MATCH = YES;
				COPY_PHASE_STRIP = NO;
				DEBUG_INFORMATION_FORMAT = dwarf;
				ENABLE_STRICT_OBJC_MSGSEND = YES;
				ENABLE_TESTABILITY = YES;
				GCC_C_LANGUAGE_STANDARD = gnu11;
				GCC_DYNAMIC_NO_PIC = NO;
				GCC_NO_COMMON_BLOCKS = YES;
				GCC_OPTIMIZATION_LEVEL = 0;
				GCC_PREPROCESSOR_DEFINITIONS = (
					"DEBUG=1",
					"$(inherited)",
				);
				GCC_WARN_64_TO_32_BIT_CONVERSION = YES;
				GCC_WARN_ABOUT_RETURN_TYPE = YES_ERROR;
				GCC_WARN_UNDECLARED_SELECTOR = YES;
				GCC_WARN_UNINITIALIZED_AUTOS = YES_AGGRESSIVE;
				GCC_WARN_UNUSED_FUNCTION = YES;
				GCC_WARN_UNUSED_VARIABLE = YES;
				IPHONEOS_DEPLOYMENT_TARGET = 14.5;
				MTL_ENABLE_DEBUG_INFO = INCLUDE_SOURCE;
				MTL_FAST_MATH = YES;
				ONLY_ACTIVE_ARCH = YES;
				SDKROOT = iphoneos;
				SWIFT_ACTIVE_COMPILATION_CONDITIONS = DEBUG;
				SWIFT_OPTIMIZATION_LEVEL = "-Onone";
			};
			name = Debug;
		};
		932FD5552638AB860003A862 /* Release */ = {
			isa = XCBuildConfiguration;
			buildSettings = {
				ALWAYS_SEARCH_USER_PATHS = NO;
				CLANG_ANALYZER_NONNULL = YES;
				CLANG_ANALYZER_NUMBER_OBJECT_CONVERSION = YES_AGGRESSIVE;
				CLANG_CXX_LANGUAGE_STANDARD = "gnu++14";
				CLANG_CXX_LIBRARY = "libc++";
				CLANG_ENABLE_MODULES = YES;
				CLANG_ENABLE_OBJC_ARC = YES;
				CLANG_ENABLE_OBJC_WEAK = YES;
				CLANG_WARN_BLOCK_CAPTURE_AUTORELEASING = YES;
				CLANG_WARN_BOOL_CONVERSION = YES;
				CLANG_WARN_COMMA = YES;
				CLANG_WARN_CONSTANT_CONVERSION = YES;
				CLANG_WARN_DEPRECATED_OBJC_IMPLEMENTATIONS = YES;
				CLANG_WARN_DIRECT_OBJC_ISA_USAGE = YES_ERROR;
				CLANG_WARN_DOCUMENTATION_COMMENTS = YES;
				CLANG_WARN_EMPTY_BODY = YES;
				CLANG_WARN_ENUM_CONVERSION = YES;
				CLANG_WARN_INFINITE_RECURSION = YES;
				CLANG_WARN_INT_CONVERSION = YES;
				CLANG_WARN_NON_LITERAL_NULL_CONVERSION = YES;
				CLANG_WARN_OBJC_IMPLICIT_RETAIN_SELF = YES;
				CLANG_WARN_OBJC_LITERAL_CONVERSION = YES;
				CLANG_WARN_OBJC_ROOT_CLASS = YES_ERROR;
				CLANG_WARN_QUOTED_INCLUDE_IN_FRAMEWORK_HEADER = YES;
				CLANG_WARN_RANGE_LOOP_ANALYSIS = YES;
				CLANG_WARN_STRICT_PROTOTYPES = YES;
				CLANG_WARN_SUSPICIOUS_MOVE = YES;
				CLANG_WARN_UNGUARDED_AVAILABILITY = YES_AGGRESSIVE;
				CLANG_WARN_UNREACHABLE_CODE = YES;
				CLANG_WARN__DUPLICATE_METHOD_MATCH = YES;
				COPY_PHASE_STRIP = NO;
				DEBUG_INFORMATION_FORMAT = "dwarf-with-dsym";
				ENABLE_NS_ASSERTIONS = NO;
				ENABLE_STRICT_OBJC_MSGSEND = YES;
				GCC_C_LANGUAGE_STANDARD = gnu11;
				GCC_NO_COMMON_BLOCKS = YES;
				GCC_WARN_64_TO_32_BIT_CONVERSION = YES;
				GCC_WARN_ABOUT_RETURN_TYPE = YES_ERROR;
				GCC_WARN_UNDECLARED_SELECTOR = YES;
				GCC_WARN_UNINITIALIZED_AUTOS = YES_AGGRESSIVE;
				GCC_WARN_UNUSED_FUNCTION = YES;
				GCC_WARN_UNUSED_VARIABLE = YES;
				IPHONEOS_DEPLOYMENT_TARGET = 14.5;
				MTL_ENABLE_DEBUG_INFO = NO;
				MTL_FAST_MATH = YES;
				SDKROOT = iphoneos;
				SWIFT_COMPILATION_MODE = wholemodule;
				SWIFT_OPTIMIZATION_LEVEL = "-O";
				VALIDATE_PRODUCT = YES;
			};
			name = Release;
		};
		932FD5572638AB860003A862 /* Debug */ = {
			isa = XCBuildConfiguration;
			baseConfigurationReference = 5FF0044994DBF5A18942F59F /* Pods-Erun.debug.xcconfig */;
			buildSettings = {
				ASSETCATALOG_COMPILER_APPICON_NAME = AppIcon;
				ASSETCATALOG_COMPILER_GLOBAL_ACCENT_COLOR_NAME = AccentColor;
				CODE_SIGN_STYLE = Automatic;
				DEVELOPMENT_ASSET_PATHS = "\"Erun/Resources/Preview Content\"";
				DEVELOPMENT_TEAM = 5YQB3TL427;
				ENABLE_PREVIEWS = YES;
				INFOPLIST_FILE = Erun/Metadata/Info.plist;
				IPHONEOS_DEPLOYMENT_TARGET = 14.0;
				LD_RUNPATH_SEARCH_PATHS = (
					"$(inherited)",
					"@executable_path/Frameworks",
				);
				PRODUCT_BUNDLE_IDENTIFIER = "com.erun.runner-ios";
				PRODUCT_NAME = "$(TARGET_NAME)";
				SWIFT_VERSION = 5.0;
				TARGETED_DEVICE_FAMILY = "1,2";
			};
			name = Debug;
		};
		932FD5582638AB860003A862 /* Release */ = {
			isa = XCBuildConfiguration;
			baseConfigurationReference = 34389F47C7C735A775E927A8 /* Pods-Erun.release.xcconfig */;
			buildSettings = {
				ASSETCATALOG_COMPILER_APPICON_NAME = AppIcon;
				ASSETCATALOG_COMPILER_GLOBAL_ACCENT_COLOR_NAME = AccentColor;
				CODE_SIGN_STYLE = Automatic;
				DEVELOPMENT_ASSET_PATHS = "\"Erun/Resources/Preview Content\"";
				DEVELOPMENT_TEAM = 5YQB3TL427;
				ENABLE_PREVIEWS = YES;
				INFOPLIST_FILE = Erun/Metadata/Info.plist;
				IPHONEOS_DEPLOYMENT_TARGET = 14.0;
				LD_RUNPATH_SEARCH_PATHS = (
					"$(inherited)",
					"@executable_path/Frameworks",
				);
				PRODUCT_BUNDLE_IDENTIFIER = "com.erun.runner-ios";
				PRODUCT_NAME = "$(TARGET_NAME)";
				SWIFT_VERSION = 5.0;
				TARGETED_DEVICE_FAMILY = "1,2";
			};
			name = Release;
		};
		932FD55A2638AB860003A862 /* Debug */ = {
			isa = XCBuildConfiguration;
			baseConfigurationReference = EAE0703989CA0665097F68D1 /* Pods-ErunTests.debug.xcconfig */;
			buildSettings = {
				ALWAYS_EMBED_SWIFT_STANDARD_LIBRARIES = YES;
				BUNDLE_LOADER = "$(TEST_HOST)";
				CODE_SIGN_STYLE = Automatic;
				DEVELOPMENT_TEAM = 5YQB3TL427;
				INFOPLIST_FILE = ErunTests/Info.plist;
				IPHONEOS_DEPLOYMENT_TARGET = 14.0;
				LD_RUNPATH_SEARCH_PATHS = (
					"$(inherited)",
					"@executable_path/Frameworks",
					"@loader_path/Frameworks",
				);
				PRODUCT_BUNDLE_IDENTIFIER = com.erun.ios.ErunTests;
				PRODUCT_NAME = "$(TARGET_NAME)";
				SWIFT_VERSION = 5.0;
				TARGETED_DEVICE_FAMILY = "1,2";
				TEST_HOST = "$(BUILT_PRODUCTS_DIR)/Erun.app/Erun";
			};
			name = Debug;
		};
		932FD55B2638AB860003A862 /* Release */ = {
			isa = XCBuildConfiguration;
			baseConfigurationReference = 550D0720B9216A3B60023290 /* Pods-ErunTests.release.xcconfig */;
			buildSettings = {
				ALWAYS_EMBED_SWIFT_STANDARD_LIBRARIES = YES;
				BUNDLE_LOADER = "$(TEST_HOST)";
				CODE_SIGN_STYLE = Automatic;
				DEVELOPMENT_TEAM = 5YQB3TL427;
				INFOPLIST_FILE = ErunTests/Info.plist;
				IPHONEOS_DEPLOYMENT_TARGET = 14.0;
				LD_RUNPATH_SEARCH_PATHS = (
					"$(inherited)",
					"@executable_path/Frameworks",
					"@loader_path/Frameworks",
				);
				PRODUCT_BUNDLE_IDENTIFIER = com.erun.ios.ErunTests;
				PRODUCT_NAME = "$(TARGET_NAME)";
				SWIFT_VERSION = 5.0;
				TARGETED_DEVICE_FAMILY = "1,2";
				TEST_HOST = "$(BUILT_PRODUCTS_DIR)/Erun.app/Erun";
			};
			name = Release;
		};
		932FD55D2638AB860003A862 /* Debug */ = {
			isa = XCBuildConfiguration;
			baseConfigurationReference = 7573D4CBBC47CCD2A7AD910E /* Pods-Erun-ErunUITests.debug.xcconfig */;
			buildSettings = {
				ALWAYS_EMBED_SWIFT_STANDARD_LIBRARIES = YES;
				CODE_SIGN_STYLE = Automatic;
				DEVELOPMENT_TEAM = 5YQB3TL427;
				INFOPLIST_FILE = ErunUITests/Info.plist;
				LD_RUNPATH_SEARCH_PATHS = (
					"$(inherited)",
					"@executable_path/Frameworks",
					"@loader_path/Frameworks",
				);
				PRODUCT_BUNDLE_IDENTIFIER = com.erun.ios.ErunUITests;
				PRODUCT_NAME = "$(TARGET_NAME)";
				SWIFT_VERSION = 5.0;
				TARGETED_DEVICE_FAMILY = "1,2";
				TEST_TARGET_NAME = Erun;
			};
			name = Debug;
		};
		932FD55E2638AB860003A862 /* Release */ = {
			isa = XCBuildConfiguration;
			baseConfigurationReference = 7F1EC8078ECA575438D7DF97 /* Pods-Erun-ErunUITests.release.xcconfig */;
			buildSettings = {
				ALWAYS_EMBED_SWIFT_STANDARD_LIBRARIES = YES;
				CODE_SIGN_STYLE = Automatic;
				DEVELOPMENT_TEAM = 5YQB3TL427;
				INFOPLIST_FILE = ErunUITests/Info.plist;
				LD_RUNPATH_SEARCH_PATHS = (
					"$(inherited)",
					"@executable_path/Frameworks",
					"@loader_path/Frameworks",
				);
				PRODUCT_BUNDLE_IDENTIFIER = com.erun.ios.ErunUITests;
				PRODUCT_NAME = "$(TARGET_NAME)";
				SWIFT_VERSION = 5.0;
				TARGETED_DEVICE_FAMILY = "1,2";
				TEST_TARGET_NAME = Erun;
			};
			name = Release;
		};
/* End XCBuildConfiguration section */

/* Begin XCConfigurationList section */
		932FD52C2638AB850003A862 /* Build configuration list for PBXProject "Erun" */ = {
			isa = XCConfigurationList;
			buildConfigurations = (
				932FD5542638AB860003A862 /* Debug */,
				932FD5552638AB860003A862 /* Release */,
			);
			defaultConfigurationIsVisible = 0;
			defaultConfigurationName = Release;
		};
		932FD5562638AB860003A862 /* Build configuration list for PBXNativeTarget "Erun" */ = {
			isa = XCConfigurationList;
			buildConfigurations = (
				932FD5572638AB860003A862 /* Debug */,
				932FD5582638AB860003A862 /* Release */,
			);
			defaultConfigurationIsVisible = 0;
			defaultConfigurationName = Release;
		};
		932FD5592638AB860003A862 /* Build configuration list for PBXNativeTarget "ErunTests" */ = {
			isa = XCConfigurationList;
			buildConfigurations = (
				932FD55A2638AB860003A862 /* Debug */,
				932FD55B2638AB860003A862 /* Release */,
			);
			defaultConfigurationIsVisible = 0;
			defaultConfigurationName = Release;
		};
		932FD55C2638AB860003A862 /* Build configuration list for PBXNativeTarget "ErunUITests" */ = {
			isa = XCConfigurationList;
			buildConfigurations = (
				932FD55D2638AB860003A862 /* Debug */,
				932FD55E2638AB860003A862 /* Release */,
			);
			defaultConfigurationIsVisible = 0;
			defaultConfigurationName = Release;
		};
/* End XCConfigurationList section */
	};
	rootObject = 932FD5292638AB850003A862 /* Project object */;
}
